
Microsoft Visual Studio Solution File, Format Version 12.00
# Visual Studio 15
VisualStudioVersion = 15.0.26730.12
MinimumVisualStudioVersion = 10.0.40219.1
Project("{FAE04EC0-301F-11D3-BF4B-00C04F79EFBC}") = "01. RectangleOf10x10Stars", "01. RectangleOf10x10Stars\01. RectangleOf10x10Stars.csproj", "{CB8A7C64-0849-47FA-904F-5D2405E8A10E}"
EndProject
Project("{FAE04EC0-301F-11D3-BF4B-00C04F79EFBC}") = "02. RectangleOfNxNStars", "02. RectangleOfNxNStars\02. RectangleOfNxNStars.csproj", "{7BDCC494-4B53-423E-B976-105125FA94D5}"
EndProject
Project("{FAE04EC0-301F-11D3-BF4B-00C04F79EFBC}") = "03. SquareOfStars", "03. SquareOfStars\03. SquareOfStars.csproj", "{96A4E5F4-6C05-422F-9983-5A86D3964756}"
EndProject
Project("{FAE04EC0-301F-11D3-BF4B-00C04F79EFBC}") = "04. TriangleOfDollars", "04. TriangleOfDollars\04. TriangleOfDollars.csproj", "{D14FB1C6-90D7-48CE-9744-B120A17017DF}"
EndProject
Project("{FAE04EC0-301F-11D3-BF4B-00C04F79EFBC}") = "05. SquareFrame", "05. SquareFrame\05. SquareFrame.csproj", "{88B07096-9579-44AF-BDE7-F789670C4ED7}"
EndProject
Project("{FAE04EC0-301F-11D3-BF4B-00C04F79EFBC}") = "06. RhombusOfStars", "06. RhombusOfStars\06. RhombusOfStars.csproj", "{72BF1A35-BFD1-43F6-9D5B-CD0C87CBDE08}"
EndProject
Project("{FAE04EC0-301F-11D3-BF4B-00C04F79EFBC}") = "07. ChristmasTree", "07. ChristmasTree\07. ChristmasTree.csproj", "{8431C387-3286-48DD-AB30-F641CAE0E076}"
EndProject
Project("{FAE04EC0-301F-11D3-BF4B-00C04F79EFBC}") = "08. Sunglasses", "08. Sunglasses\08. Sunglasses.csproj", "{EB669668-6AD6-4601-8787-1872B4C7F233}"
EndProject
Global
	GlobalSection(SolutionConfigurationPlatforms) = preSolution
		Debug|Any CPU = Debug|Any CPU
		Release|Any CPU = Release|Any CPU
	EndGlobalSection
	GlobalSection(ProjectConfigurationPlatforms) = postSolution
		{CB8A7C64-0849-47FA-904F-5D2405E8A10E}.Debug|Any CPU.ActiveCfg = Debug|Any CPU
		{CB8A7C64-0849-47FA-904F-5D2405E8A10E}.Debug|Any CPU.Build.0 = Debug|Any CPU
		{CB8A7C64-0849-47FA-904F-5D2405E8A10E}.Release|Any CPU.ActiveCfg = Release|Any CPU
		{CB8A7C64-0849-47FA-904F-5D2405E8A10E}.Release|Any CPU.Build.0 = Release|Any CPU
		{7BDCC494-4B53-423E-B976-105125FA94D5}.Debug|Any CPU.ActiveCfg = Debug|Any CPU
		{7BDCC494-4B53-423E-B976-105125FA94D5}.Debug|Any CPU.Build.0 = Debug|Any CPU
		{7BDCC494-4B53-423E-B976-105125FA94D5}.Release|Any CPU.ActiveCfg = Release|Any CPU
		{7BDCC494-4B53-423E-B976-105125FA94D5}.Release|Any CPU.Build.0 = Release|Any CPU
		{96A4E5F4-6C05-422F-9983-5A86D3964756}.Debug|Any CPU.ActiveCfg = Debug|Any CPU
		{96A4E5F4-6C05-422F-9983-5A86D3964756}.Debug|Any CPU.Build.0 = Debug|Any CPU
		{96A4E5F4-6C05-422F-9983-5A86D3964756}.Release|Any CPU.ActiveCfg = Release|Any CPU
		{96A4E5F4-6C05-422F-9983-5A86D3964756}.Release|Any CPU.Build.0 = Release|Any CPU
		{D14FB1C6-90D7-48CE-9744-B120A17017DF}.Debug|Any CPU.ActiveCfg = Debug|Any CPU
		{D14FB1C6-90D7-48CE-9744-B120A17017DF}.Debug|Any CPU.Build.0 = Debug|Any CPU
		{D14FB1C6-90D7-48CE-9744-B120A17017DF}.Release|Any CPU.ActiveCfg = Release|Any CPU
		{D14FB1C6-90D7-48CE-9744-B120A17017DF}.Release|Any CPU.Build.0 = Release|Any CPU
		{88B07096-9579-44AF-BDE7-F789670C4ED7}.Debug|Any CPU.ActiveCfg = Debug|Any CPU
		{88B07096-9579-44AF-BDE7-F789670C4ED7}.Debug|Any CPU.Build.0 = Debug|Any CPU
		{88B07096-9579-44AF-BDE7-F789670C4ED7}.Release|Any CPU.ActiveCfg = Release|Any CPU
		{88B07096-9579-44AF-BDE7-F789670C4ED7}.Release|Any CPU.Build.0 = Release|Any CPU
		{72BF1A35-BFD1-43F6-9D5B-CD0C87CBDE08}.Debug|Any CPU.ActiveCfg = Debug|Any CPU
		{72BF1A35-BFD1-43F6-9D5B-CD0C87CBDE08}.Debug|Any CPU.Build.0 = Debug|Any CPU
		{72BF1A35-BFD1-43F6-9D5B-CD0C87CBDE08}.Release|Any CPU.ActiveCfg = Release|Any CPU
		{72BF1A35-BFD1-43F6-9D5B-CD0C87CBDE08}.Release|Any CPU.Build.0 = Release|Any CPU
		{8431C387-3286-48DD-AB30-F641CAE0E076}.Debug|Any CPU.ActiveCfg = Debug|Any CPU
		{8431C387-3286-48DD-AB30-F641CAE0E076}.Debug|Any CPU.Build.0 = Debug|Any CPU
		{8431C387-3286-48DD-AB30-F641CAE0E076}.Release|Any CPU.ActiveCfg = Release|Any CPU
		{8431C387-3286-48DD-AB30-F641CAE0E076}.Release|Any CPU.Build.0 = Release|Any CPU
		{EB669668-6AD6-4601-8787-1872B4C7F233}.Debug|Any CPU.ActiveCfg = Debug|Any CPU
		{EB669668-6AD6-4601-8787-1872B4C7F233}.Debug|Any CPU.Build.0 = Debug|Any CPU
		{EB669668-6AD6-4601-8787-1872B4C7F233}.Release|Any CPU.ActiveCfg = Release|Any CPU
		{EB669668-6AD6-4601-8787-1872B4C7F233}.Release|Any CPU.Build.0 = Release|Any CPU
	EndGlobalSection
	GlobalSection(SolutionProperties) = preSolution
		HideSolutionNode = FALSE
	EndGlobalSection
	GlobalSection(ExtensibilityGlobals) = postSolution
		SolutionGuid = {C72BB446-EC2B-4AA5-849C-04EABF7E8CA7}
	EndGlobalSection
EndGlobal
